<Solution>
  <Folder Name="/src/">
    <Project Path="src/PhieuFlow.Core/PhieuFlow.Core.csproj" />
    <Project Path="src/PhieuFlow.FormBuilder/PhieuFlow.FormBuilder.csproj" />
    <Project Path="src/PhieuFlow.Hub/PhieuFlow.Hub.csproj" />
    <Project Path="src/PhieuFlow.MigrationService/PhieuFlow.MigrationService.csproj" />
    <Project Path="src/PhieuFlow.ServiceDefaults/PhieuFlow.ServiceDefaults.csproj" />
    <Project Path="src/PhieuFlow.AppHost/PhieuFlow.AppHost.csproj" />
  </Folder>
  <Folder Name="/tests/">
    <Project Path="tests/PhieuFlow.Tests.E2E/PhieuFlow.Tests.E2E.csproj" />
    <Project Path="tests/PhieuFlow.Tests.Integration/PhieuFlow.Tests.Integration.csproj" />
    <Project Path="tests/PhieuFlow.Tests.Unit/PhieuFlow.Tests.Unit.csproj" />
  </Folder>
</Solution>
